
Microsoft Visual Studio Solution File, Format Version 12.00
# Visual Studio 2013
VisualStudioVersion = 12.0.21005.1
MinimumVisualStudioVersion = 10.0.40219.1
Project("{FAE04EC0-301F-11D3-BF4B-00C04F79EFBC}") = "nutrac", "nutrac\nutrac.csproj", "{0055ABF5-1089-4069-A798-6508C3AB3D5E}"
EndProject
Project("{FAE04EC0-301F-11D3-BF4B-00C04F79EFBC}") = "NuTrace", "NuTrace\NuTrace.csproj", "{0F1E30BC-5E94-4824-841C-0DE4CEE49270}"
EndProject
Project("{FAE04EC0-301F-11D3-BF4B-00C04F79EFBC}") = "Player", "Player\Player.csproj", "{CAA81F5F-3811-466F-9E9A-8D541AB98DA8}"
EndProject
Project("{FAE04EC0-301F-11D3-BF4B-00C04F79EFBC}") = "OPCServerPluginDLL", "OPCServerPluginDLL\OPCServerPluginDLL.csproj", "{6085A9AB-25FF-4AC6-B665-E20B91E39324}"
EndProject
Global
	GlobalSection(SolutionConfigurationPlatforms) = preSolution
		Debug|Any CPU = Debug|Any CPU
		Release|Any CPU = Release|Any CPU
	EndGlobalSection
	GlobalSection(ProjectConfigurationPlatforms) = postSolution
		{0055ABF5-1089-4069-A798-6508C3AB3D5E}.Debug|Any CPU.ActiveCfg = Debug|Any CPU
		{0055ABF5-1089-4069-A798-6508C3AB3D5E}.Debug|Any CPU.Build.0 = Debug|Any CPU
		{0055ABF5-1089-4069-A798-6508C3AB3D5E}.Release|Any CPU.ActiveCfg = Release|Any CPU
		{0055ABF5-1089-4069-A798-6508C3AB3D5E}.Release|Any CPU.Build.0 = Release|Any CPU
		{0F1E30BC-5E94-4824-841C-0DE4CEE49270}.Debug|Any CPU.ActiveCfg = Debug|Any CPU
		{0F1E30BC-5E94-4824-841C-0DE4CEE49270}.Debug|Any CPU.Build.0 = Debug|Any CPU
		{0F1E30BC-5E94-4824-841C-0DE4CEE49270}.Release|Any CPU.ActiveCfg = Release|Any CPU
		{0F1E30BC-5E94-4824-841C-0DE4CEE49270}.Release|Any CPU.Build.0 = Release|Any CPU
		{CAA81F5F-3811-466F-9E9A-8D541AB98DA8}.Debug|Any CPU.ActiveCfg = Debug|Any CPU
		{CAA81F5F-3811-466F-9E9A-8D541AB98DA8}.Debug|Any CPU.Build.0 = Debug|Any CPU
		{CAA81F5F-3811-466F-9E9A-8D541AB98DA8}.Release|Any CPU.ActiveCfg = Release|Any CPU
		{CAA81F5F-3811-466F-9E9A-8D541AB98DA8}.Release|Any CPU.Build.0 = Release|Any CPU
		{6085A9AB-25FF-4AC6-B665-E20B91E39324}.Debug|Any CPU.ActiveCfg = Debug|Any CPU
		{6085A9AB-25FF-4AC6-B665-E20B91E39324}.Debug|Any CPU.Build.0 = Debug|Any CPU
		{6085A9AB-25FF-4AC6-B665-E20B91E39324}.Release|Any CPU.ActiveCfg = Release|Any CPU
		{6085A9AB-25FF-4AC6-B665-E20B91E39324}.Release|Any CPU.Build.0 = Release|Any CPU
	EndGlobalSection
	GlobalSection(SolutionProperties) = preSolution
		HideSolutionNode = FALSE
	EndGlobalSection
EndGlobal
